
Microsoft Visual Studio Solution File, Format Version 12.00
# Visual Studio Version 16
VisualStudioVersion = 16.0.32901.82
MinimumVisualStudioVersion = 10.0.40219.1
Project("{9A19103F-16F7-4668-BE54-9A1E7A4F7556}") = "UserInterface", "UserInterface\UserInterface.csproj", "{056DF8F4-F24E-4508-B283-B96D3C838708}"
EndProject
Project("{9A19103F-16F7-4668-BE54-9A1E7A4F7556}") = "DataLibrary", "DataLibrary\DataLibrary.csproj", "{B2A62C6C-A8C6-44A1-8D11-53B9F2AD9CC0}"
EndProject
Global
	GlobalSection(SolutionConfigurationPlatforms) = preSolution
		Debug|Any CPU = Debug|Any CPU
		Release|Any CPU = Release|Any CPU
	EndGlobalSection
	GlobalSection(ProjectConfigurationPlatforms) = postSolution
		{056DF8F4-F24E-4508-B283-B96D3C838708}.Debug|Any CPU.ActiveCfg = Debug|Any CPU
		{056DF8F4-F24E-4508-B283-B96D3C838708}.Debug|Any CPU.Build.0 = Debug|Any CPU
		{056DF8F4-F24E-4508-B283-B96D3C838708}.Release|Any CPU.ActiveCfg = Release|Any CPU
		{056DF8F4-F24E-4508-B283-B96D3C838708}.Release|Any CPU.Build.0 = Release|Any CPU
		{B2A62C6C-A8C6-44A1-8D11-53B9F2AD9CC0}.Debug|Any CPU.ActiveCfg = Debug|Any CPU
		{B2A62C6C-A8C6-44A1-8D11-53B9F2AD9CC0}.Debug|Any CPU.Build.0 = Debug|Any CPU
		{B2A62C6C-A8C6-44A1-8D11-53B9F2AD9CC0}.Release|Any CPU.ActiveCfg = Release|Any CPU
		{B2A62C6C-A8C6-44A1-8D11-53B9F2AD9CC0}.Release|Any CPU.Build.0 = Release|Any CPU
	EndGlobalSection
	GlobalSection(SolutionProperties) = preSolution
		HideSolutionNode = FALSE
	EndGlobalSection
	GlobalSection(ExtensibilityGlobals) = postSolution
		SolutionGuid = {889A6002-54A3-48F9-A261-F18A023B3F25}
	EndGlobalSection
EndGlobal
